{
  "name": "magic-squares",
  "version": "0.0.1",
  "lockfileVersion": 1,
  "requires": true,
  "dependencies": {
    "js-combinatorics": {
      "version": "0.5.3",
      "resolved": "https://registry.npmjs.org/js-combinatorics/-/js-combinatorics-0.5.3.tgz",
      "integrity": "sha512-egCSKDP7vcTlwSyIVuipmGc4Btxpb8ftQ+dhRMgQHJ9JwifXS/yBeTokLADjoJmip4T20yEMJK4YT/DNkOTUtQ=="
    },
    "minimist": {
      "version": "1.2.0",
      "resolved": "https://registry.npmjs.org/minimist/-/minimist-1.2.0.tgz",
      "integrity": "sha1-o1AIsg9BOD7sH7kU9M1d95omQoQ="
    }
  }
}
